
Microsoft Visual Studio Solution File, Format Version 12.00
# Visual Studio Version 17
VisualStudioVersion = 17.11.35312.102
MinimumVisualStudioVersion = 10.0.40219.1
Project("{FAE04EC0-301F-11D3-BF4B-00C04F79EFBC}") = "Projeto-Jogo", "Projeto-Jogo\Projeto-Jogo.csproj", "{7AE3E659-A349-4716-9C4B-D5EB8C0A3946}"
EndProject
Global
	GlobalSection(SolutionConfigurationPlatforms) = preSolution
		Debug|Any CPU = Debug|Any CPU
		Release|Any CPU = Release|Any CPU
	EndGlobalSection
	GlobalSection(ProjectConfigurationPlatforms) = postSolution
		{7AE3E659-A349-4716-9C4B-D5EB8C0A3946}.Debug|Any CPU.ActiveCfg = Debug|Any CPU
		{7AE3E659-A349-4716-9C4B-D5EB8C0A3946}.Debug|Any CPU.Build.0 = Debug|Any CPU
		{7AE3E659-A349-4716-9C4B-D5EB8C0A3946}.Release|Any CPU.ActiveCfg = Release|Any CPU
		{7AE3E659-A349-4716-9C4B-D5EB8C0A3946}.Release|Any CPU.Build.0 = Release|Any CPU
	EndGlobalSection
	GlobalSection(SolutionProperties) = preSolution
		HideSolutionNode = FALSE
	EndGlobalSection
	GlobalSection(ExtensibilityGlobals) = postSolution
		SolutionGuid = {873004DA-6391-4C95-AA5E-2E822A9B415A}
	EndGlobalSection
EndGlobal
